
Microsoft Visual Studio Solution File, Format Version 12.00
# Visual Studio 15
VisualStudioVersion = 15.0.28010.2050
MinimumVisualStudioVersion = 10.0.40219.1
Project("{FAE04EC0-301F-11D3-BF4B-00C04F79EFBC}") = "Team5 project", "Team5 project\Team5 project.csproj", "{1F22B0ED-A2AC-4F4B-842F-1393EFB2215E}"
EndProject
Project("{2150E333-8FDC-42A3-9474-1A3956D46DE8}") = "Solution Items", "Solution Items", "{989C1CFC-C1A0-4B0A-9784-0F413C61F614}"
EndProject
Global
	GlobalSection(SolutionConfigurationPlatforms) = preSolution
		Debug|Any CPU = Debug|Any CPU
		Release|Any CPU = Release|Any CPU
	EndGlobalSection
	GlobalSection(ProjectConfigurationPlatforms) = postSolution
		{1F22B0ED-A2AC-4F4B-842F-1393EFB2215E}.Debug|Any CPU.ActiveCfg = Debug|Any CPU
		{1F22B0ED-A2AC-4F4B-842F-1393EFB2215E}.Debug|Any CPU.Build.0 = Debug|Any CPU
		{1F22B0ED-A2AC-4F4B-842F-1393EFB2215E}.Release|Any CPU.ActiveCfg = Release|Any CPU
		{1F22B0ED-A2AC-4F4B-842F-1393EFB2215E}.Release|Any CPU.Build.0 = Release|Any CPU
	EndGlobalSection
	GlobalSection(SolutionProperties) = preSolution
		HideSolutionNode = FALSE
	EndGlobalSection
	GlobalSection(ExtensibilityGlobals) = postSolution
		SolutionGuid = {4E0C17E6-BAD5-4C95-BA20-3D48AF47380E}
	EndGlobalSection
EndGlobal
